
Microsoft Visual Studio Solution File, Format Version 12.00
# Visual Studio Version 17
VisualStudioVersion = 17.8.34316.72
MinimumVisualStudioVersion = 10.0.40219.1
Project("{9A19103F-16F7-4668-BE54-9A1E7A4F7556}") = "BookStoreWebAPI", "BookStoreWebAPI.csproj", "{572A3700-5C23-49BB-9C9B-88E0C57783E2}"
EndProject
Project("{9A19103F-16F7-4668-BE54-9A1E7A4F7556}") = "Contracts", "..\Contracts\Contracts.csproj", "{A6191154-EF30-40CF-BD38-6AF2AC085591}"
EndProject
Project("{9A19103F-16F7-4668-BE54-9A1E7A4F7556}") = "LoggerService", "..\LoggerService\LoggerService.csproj", "{7DFA80FA-DE14-4307-A192-1F2A20F25023}"
EndProject
Project("{9A19103F-16F7-4668-BE54-9A1E7A4F7556}") = "Entities", "..\Entities\Entities.csproj", "{6410D210-D8B0-4E7C-9A94-6DEEE8FDD21D}"
EndProject
Project("{9A19103F-16F7-4668-BE54-9A1E7A4F7556}") = "Repository", "..\Repository\Repository.csproj", "{1DF4D312-CAF4-4B02-8AA9-CA71948E0D46}"
EndProject
Project("{9A19103F-16F7-4668-BE54-9A1E7A4F7556}") = "Service.Contracts", "..\Service.Contracts\Service.Contracts.csproj", "{6D06FFCE-8F6B-4507-8254-C86778555D5A}"
EndProject
Project("{9A19103F-16F7-4668-BE54-9A1E7A4F7556}") = "Service", "..\Service\Service.csproj", "{1D185F1A-15B2-4A77-A793-7A0F7909F54D}"
EndProject
Project("{9A19103F-16F7-4668-BE54-9A1E7A4F7556}") = "BookStoreWebAPI.Presentation", "..\BookStoreWebAPI.Presentation\BookStoreWebAPI.Presentation.csproj", "{8AF7B897-53F9-40E4-B438-00D308C8A157}"
EndProject
Project("{FAE04EC0-301F-11D3-BF4B-00C04F79EFBC}") = "Shared", "..\Shared\Shared.csproj", "{F2DE061B-3504-4C27-83D5-A05842231FC9}"
EndProject
Global
	GlobalSection(SolutionConfigurationPlatforms) = preSolution
		Debug|Any CPU = Debug|Any CPU
		Release|Any CPU = Release|Any CPU
	EndGlobalSection
	GlobalSection(ProjectConfigurationPlatforms) = postSolution
		{572A3700-5C23-49BB-9C9B-88E0C57783E2}.Debug|Any CPU.ActiveCfg = Debug|Any CPU
		{572A3700-5C23-49BB-9C9B-88E0C57783E2}.Debug|Any CPU.Build.0 = Debug|Any CPU
		{572A3700-5C23-49BB-9C9B-88E0C57783E2}.Release|Any CPU.ActiveCfg = Release|Any CPU
		{572A3700-5C23-49BB-9C9B-88E0C57783E2}.Release|Any CPU.Build.0 = Release|Any CPU
		{A6191154-EF30-40CF-BD38-6AF2AC085591}.Debug|Any CPU.ActiveCfg = Debug|Any CPU
		{A6191154-EF30-40CF-BD38-6AF2AC085591}.Debug|Any CPU.Build.0 = Debug|Any CPU
		{A6191154-EF30-40CF-BD38-6AF2AC085591}.Release|Any CPU.ActiveCfg = Release|Any CPU
		{A6191154-EF30-40CF-BD38-6AF2AC085591}.Release|Any CPU.Build.0 = Release|Any CPU
		{7DFA80FA-DE14-4307-A192-1F2A20F25023}.Debug|Any CPU.ActiveCfg = Debug|Any CPU
		{7DFA80FA-DE14-4307-A192-1F2A20F25023}.Debug|Any CPU.Build.0 = Debug|Any CPU
		{7DFA80FA-DE14-4307-A192-1F2A20F25023}.Release|Any CPU.ActiveCfg = Release|Any CPU
		{7DFA80FA-DE14-4307-A192-1F2A20F25023}.Release|Any CPU.Build.0 = Release|Any CPU
		{6410D210-D8B0-4E7C-9A94-6DEEE8FDD21D}.Debug|Any CPU.ActiveCfg = Debug|Any CPU
		{6410D210-D8B0-4E7C-9A94-6DEEE8FDD21D}.Debug|Any CPU.Build.0 = Debug|Any CPU
		{6410D210-D8B0-4E7C-9A94-6DEEE8FDD21D}.Release|Any CPU.ActiveCfg = Release|Any CPU
		{6410D210-D8B0-4E7C-9A94-6DEEE8FDD21D}.Release|Any CPU.Build.0 = Release|Any CPU
		{1DF4D312-CAF4-4B02-8AA9-CA71948E0D46}.Debug|Any CPU.ActiveCfg = Debug|Any CPU
		{1DF4D312-CAF4-4B02-8AA9-CA71948E0D46}.Debug|Any CPU.Build.0 = Debug|Any CPU
		{1DF4D312-CAF4-4B02-8AA9-CA71948E0D46}.Release|Any CPU.ActiveCfg = Release|Any CPU
		{1DF4D312-CAF4-4B02-8AA9-CA71948E0D46}.Release|Any CPU.Build.0 = Release|Any CPU
		{6D06FFCE-8F6B-4507-8254-C86778555D5A}.Debug|Any CPU.ActiveCfg = Debug|Any CPU
		{6D06FFCE-8F6B-4507-8254-C86778555D5A}.Debug|Any CPU.Build.0 = Debug|Any CPU
		{6D06FFCE-8F6B-4507-8254-C86778555D5A}.Release|Any CPU.ActiveCfg = Release|Any CPU
		{6D06FFCE-8F6B-4507-8254-C86778555D5A}.Release|Any CPU.Build.0 = Release|Any CPU
		{1D185F1A-15B2-4A77-A793-7A0F7909F54D}.Debug|Any CPU.ActiveCfg = Debug|Any CPU
		{1D185F1A-15B2-4A77-A793-7A0F7909F54D}.Debug|Any CPU.Build.0 = Debug|Any CPU
		{1D185F1A-15B2-4A77-A793-7A0F7909F54D}.Release|Any CPU.ActiveCfg = Release|Any CPU
		{1D185F1A-15B2-4A77-A793-7A0F7909F54D}.Release|Any CPU.Build.0 = Release|Any CPU
		{8AF7B897-53F9-40E4-B438-00D308C8A157}.Debug|Any CPU.ActiveCfg = Debug|Any CPU
		{8AF7B897-53F9-40E4-B438-00D308C8A157}.Debug|Any CPU.Build.0 = Debug|Any CPU
		{8AF7B897-53F9-40E4-B438-00D308C8A157}.Release|Any CPU.ActiveCfg = Release|Any CPU
		{8AF7B897-53F9-40E4-B438-00D308C8A157}.Release|Any CPU.Build.0 = Release|Any CPU
		{F2DE061B-3504-4C27-83D5-A05842231FC9}.Debug|Any CPU.ActiveCfg = Debug|Any CPU
		{F2DE061B-3504-4C27-83D5-A05842231FC9}.Debug|Any CPU.Build.0 = Debug|Any CPU
		{F2DE061B-3504-4C27-83D5-A05842231FC9}.Release|Any CPU.ActiveCfg = Release|Any CPU
		{F2DE061B-3504-4C27-83D5-A05842231FC9}.Release|Any CPU.Build.0 = Release|Any CPU
	EndGlobalSection
	GlobalSection(SolutionProperties) = preSolution
		HideSolutionNode = FALSE
	EndGlobalSection
	GlobalSection(ExtensibilityGlobals) = postSolution
		SolutionGuid = {637652D9-1B7C-40B1-90D2-0372D86966BB}
	EndGlobalSection
EndGlobal
